
Microsoft Visual Studio Solution File, Format Version 12.00
Project("{FAE04EC0-301F-11D3-BF4B-00C04F79EFBC}") = "JSON Minimum Test Harness", "JSON Minimum Test Harness.csproj", "{6B826BC4-D8D9-434C-8D07-AA910AF0F255}"
EndProject
Global
	GlobalSection(SolutionConfigurationPlatforms) = preSolution
		Debug|Any CPU = Debug|Any CPU
		Release|Any CPU = Release|Any CPU
	EndGlobalSection
	GlobalSection(ProjectConfigurationPlatforms) = postSolution
		{6B826BC4-D8D9-434C-8D07-AA910AF0F255}.Debug|Any CPU.ActiveCfg = Debug|Any CPU
		{6B826BC4-D8D9-434C-8D07-AA910AF0F255}.Debug|Any CPU.Build.0 = Debug|Any CPU
		{6B826BC4-D8D9-434C-8D07-AA910AF0F255}.Release|Any CPU.ActiveCfg = Release|Any CPU
		{6B826BC4-D8D9-434C-8D07-AA910AF0F255}.Release|Any CPU.Build.0 = Release|Any CPU
	EndGlobalSection
EndGlobal
